// !$*UTF8*$!
{
	archiveVersion = 1;
	classes = {
	};
	objectVersion = 56;
	objects = {

/* Begin PBXBuildFile section */
		DA29DAA72D86926F00BC494D /* AppDelegate.swift in Sources */ = {isa = PBXBuildFile; fileRef = DA29DAA62D86926F00BC494D /* AppDelegate.swift */; };
		DA29DAA92D86926F00BC494D /* SceneDelegate.swift in Sources */ = {isa = PBXBuildFile; fileRef = DA29DAA82D86926F00BC494D /* SceneDelegate.swift */; };
		DA29DAAB2D86926F00BC494D /* ViewController.swift in Sources */ = {isa = PBXBuildFile; fileRef = DA29DAAA2D86926F00BC494D /* ViewController.swift */; };
		DA29DAAE2D86926F00BC494D /* Main.storyboard in Resources */ = {isa = PBXBuildFile; fileRef = DA29DAAC2D86926F00BC494D /* Main.storyboard */; };
		DA29DAB02D86927000BC494D /* Assets.xcassets in Resources */ = {isa = PBXBuildFile; fileRef = DA29DAAF2D86927000BC494D /* Assets.xcassets */; };
		DA29DAB32D86927000BC494D /* LaunchScreen.storyboard in Resources */ = {isa = PBXBuildFile; fileRef = DA29DAB12D86927000BC494D /* LaunchScreen.storyboard */; };
		DA29DABB2D8FA01500BC494D /* UserEnrollViewController.swift in Sources */ = {isa = PBXBuildFile; fileRef = DA29DABA2D8FA01500BC494D /* UserEnrollViewController.swift */; };
		DA29DABD2D8FAF9200BC494D /* RestaurantErollViewController.swift in Sources */ = {isa = PBXBuildFile; fileRef = DA29DABC2D8FAF9200BC494D /* RestaurantErollViewController.swift */; };
		DA376C5B2D9049940026C127 /* NetworkManager.swift in Sources */ = {isa = PBXBuildFile; fileRef = DA376C5A2D9049940026C127 /* NetworkManager.swift */; };
		DAE4D0992D97ABD80052EE65 /* RestaurantListController.swift in Sources */ = {isa = PBXBuildFile; fileRef = DAE4D0982D97ABD80052EE65 /* RestaurantListController.swift */; };
		DAE4D09B2D97AF080052EE65 /* UserNavigatorController.swift in Sources */ = {isa = PBXBuildFile; fileRef = DAE4D09A2D97AF080052EE65 /* UserNavigatorController.swift */; };
/* End PBXBuildFile section */

/* Begin PBXFileReference section */
		DA29DAA32D86926F00BC494D /* myapplication.app */ = {isa = PBXFileReference; explicitFileType = wrapper.application; includeInIndex = 0; path = myapplication.app; sourceTree = BUILT_PRODUCTS_DIR; };
		DA29DAA62D86926F00BC494D /* AppDelegate.swift */ = {isa = PBXFileReference; lastKnownFileType = sourcecode.swift; path = AppDelegate.swift; sourceTree = "<group>"; };
		DA29DAA82D86926F00BC494D /* SceneDelegate.swift */ = {isa = PBXFileReference; lastKnownFileType = sourcecode.swift; path = SceneDelegate.swift; sourceTree = "<group>"; };
		DA29DAAA2D86926F00BC494D /* ViewController.swift */ = {isa = PBXFileReference; lastKnownFileType = sourcecode.swift; path = ViewController.swift; sourceTree = "<group>"; };
		DA29DAAD2D86926F00BC494D /* Base */ = {isa = PBXFileReference; lastKnownFileType = file.storyboard; name = Base; path = Base.lproj/Main.storyboard; sourceTree = "<group>"; };
		DA29DAAF2D86927000BC494D /* Assets.xcassets */ = {isa = PBXFileReference; lastKnownFileType = folder.assetcatalog; path = Assets.xcassets; sourceTree = "<group>"; };
		DA29DAB22D86927000BC494D /* Base */ = {isa = PBXFileReference; lastKnownFileType = file.storyboard; name = Base; path = Base.lproj/LaunchScreen.storyboard; sourceTree = "<group>"; };
		DA29DAB42D86927000BC494D /* Info.plist */ = {isa = PBXFileReference; lastKnownFileType = text.plist.xml; path = Info.plist; sourceTree = "<group>"; };
		DA29DABA2D8FA01500BC494D /* UserEnrollViewController.swift */ = {isa = PBXFileReference; lastKnownFileType = sourcecode.swift; path = UserEnrollViewController.swift; sourceTree = "<group>"; };
		DA29DABC2D8FAF9200BC494D /* RestaurantErollViewController.swift */ = {isa = PBXFileReference; lastKnownFileType = sourcecode.swift; path = RestaurantErollViewController.swift; sourceTree = "<group>"; };
		DA376C5A2D9049940026C127 /* NetworkManager.swift */ = {isa = PBXFileReference; lastKnownFileType = sourcecode.swift; path = NetworkManager.swift; sourceTree = "<group>"; };
		DAE4D0982D97ABD80052EE65 /* RestaurantListController.swift */ = {isa = PBXFileReference; lastKnownFileType = sourcecode.swift; path = RestaurantListController.swift; sourceTree = "<group>"; };
		DAE4D09A2D97AF080052EE65 /* UserNavigatorController.swift */ = {isa = PBXFileReference; lastKnownFileType = sourcecode.swift; path = UserNavigatorController.swift; sourceTree = "<group>"; };
/* End PBXFileReference section */

/* Begin PBXFrameworksBuildPhase section */
		DA29DAA02D86926F00BC494D /* Frameworks */ = {
			isa = PBXFrameworksBuildPhase;
			buildActionMask = 2147483647;
			files = (
			);
			runOnlyForDeploymentPostprocessing = 0;
		};
/* End PBXFrameworksBuildPhase section */

/* Begin PBXGroup section */
		DA29DA9A2D86926F00BC494D = {
			isa = PBXGroup;
			children = (
				DA29DAA52D86926F00BC494D /* myapplication */,
				DA29DAA42D86926F00BC494D /* Products */,
			);
			sourceTree = "<group>";
		};
		DA29DAA42D86926F00BC494D /* Products */ = {
			isa = PBXGroup;
			children = (
				DA29DAA32D86926F00BC494D /* myapplication.app */,
			);
			name = Products;
			sourceTree = "<group>";
		};
		DA29DAA52D86926F00BC494D /* myapplication */ = {
			isa = PBXGroup;
			children = (
				DA29DAA62D86926F00BC494D /* AppDelegate.swift */,
				DA29DAA82D86926F00BC494D /* SceneDelegate.swift */,
				DA29DAAA2D86926F00BC494D /* ViewController.swift */,
				DA29DAAC2D86926F00BC494D /* Main.storyboard */,
				DA29DAAF2D86927000BC494D /* Assets.xcassets */,
				DA29DAB12D86927000BC494D /* LaunchScreen.storyboard */,
				DA29DAB42D86927000BC494D /* Info.plist */,
				DA29DABA2D8FA01500BC494D /* UserEnrollViewController.swift */,
				DA29DABC2D8FAF9200BC494D /* RestaurantErollViewController.swift */,
				DA376C5A2D9049940026C127 /* NetworkManager.swift */,
				DAE4D0982D97ABD80052EE65 /* RestaurantListController.swift */,
				DAE4D09A2D97AF080052EE65 /* UserNavigatorController.swift */,
			);
			path = myapplication;
			sourceTree = "<group>";
		};
/* End PBXGroup section */

/* Begin PBXNativeTarget section */
		DA29DAA22D86926F00BC494D /* myapplication */ = {
			isa = PBXNativeTarget;
			buildConfigurationList = DA29DAB72D86927000BC494D /* Build configuration list for PBXNativeTarget "myapplication" */;
			buildPhases = (
				DA29DA9F2D86926F00BC494D /* Sources */,
				DA29DAA02D86926F00BC494D /* Frameworks */,
				DA29DAA12D86926F00BC494D /* Resources */,
			);
			buildRules = (
			);
			dependencies = (
			);
			name = myapplication;
			productName = myapplication;
			productReference = DA29DAA32D86926F00BC494D /* myapplication.app */;
			productType = "com.apple.product-type.application";
		};
/* End PBXNativeTarget section */

/* Begin PBXProject section */
		DA29DA9B2D86926F00BC494D /* Project object */ = {
			isa = PBXProject;
			attributes = {
				BuildIndependentTargetsInParallel = 1;
				LastSwiftUpdateCheck = 1510;
				LastUpgradeCheck = 1510;
				TargetAttributes = {
					DA29DAA22D86926F00BC494D = {
						CreatedOnToolsVersion = 15.1;
					};
				};
			};
			buildConfigurationList = DA29DA9E2D86926F00BC494D /* Build configuration list for PBXProject "myapplication" */;
			compatibilityVersion = "Xcode 14.0";
			developmentRegion = en;
			hasScannedForEncodings = 0;
			knownRegions = (
				en,
				Base,
			);
			mainGroup = DA29DA9A2D86926F00BC494D;
			productRefGroup = DA29DAA42D86926F00BC494D /* Products */;
			projectDirPath = "";
			projectRoot = "";
			targets = (
				DA29DAA22D86926F00BC494D /* myapplication */,
			);
		};
/* End PBXProject section */

/* Begin PBXResourcesBuildPhase section */
		DA29DAA12D86926F00BC494D /* Resources */ = {
			isa = PBXResourcesBuildPhase;
			buildActionMask = 2147483647;
			files = (
				DA29DAB32D86927000BC494D /* LaunchScreen.storyboard in Resources */,
				DA29DAB02D86927000BC494D /* Assets.xcassets in Resources */,
				DA29DAAE2D86926F00BC494D /* Main.storyboard in Resources */,
			);
			runOnlyForDeploymentPostprocessing = 0;
		};
/* End PBXResourcesBuildPhase section */

/* Begin PBXSourcesBuildPhase section */
		DA29DA9F2D86926F00BC494D /* Sources */ = {
			isa = PBXSourcesBuildPhase;
			buildActionMask = 2147483647;
			files = (
				DA376C5B2D9049940026C127 /* NetworkManager.swift in Sources */,
				DA29DAAB2D86926F00BC494D /* ViewController.swift in Sources */,
				DA29DAA72D86926F00BC494D /* AppDelegate.swift in Sources */,
				DA29DABD2D8FAF9200BC494D /* RestaurantErollViewController.swift in Sources */,
				DA29DAA92D86926F00BC494D /* SceneDelegate.swift in Sources */,
				DAE4D0992D97ABD80052EE65 /* RestaurantListController.swift in Sources */,
				DAE4D09B2D97AF080052EE65 /* UserNavigatorController.swift in Sources */,
				DA29DABB2D8FA01500BC494D /* UserEnrollViewController.swift in Sources */,
			);
			runOnlyForDeploymentPostprocessing = 0;
		};
/* End PBXSourcesBuildPhase section */

/* Begin PBXVariantGroup section */
		DA29DAAC2D86926F00BC494D /* Main.storyboard */ = {
			isa = PBXVariantGroup;
			children = (
				DA29DAAD2D86926F00BC494D /* Base */,
			);
			name = Main.storyboard;
			sourceTree = "<group>";
		};
		DA29DAB12D86927000BC494D /* LaunchScreen.storyboard */ = {
			isa = PBXVariantGroup;
			children = (
				DA29DAB22D86927000BC494D /* Base */,
			);
			name = LaunchScreen.storyboard;
			sourceTree = "<group>";
		};
/* End PBXVariantGroup section */

/* Begin XCBuildConfiguration section */
		DA29DAB52D86927000BC494D /* Debug */ = {
			isa = XCBuildConfiguration;
			buildSettings = {
				ALWAYS_SEARCH_USER_PATHS = NO;
				ASSETCATALOG_COMPILER_GENERATE_SWIFT_ASSET_SYMBOL_EXTENSIONS = YES;
				CLANG_ANALYZER_NONNULL = YES;
				CLANG_ANALYZER_NUMBER_OBJECT_CONVERSION = YES_AGGRESSIVE;
				CLANG_CXX_LANGUAGE_STANDARD = "gnu++20";
				CLANG_ENABLE_MODULES = YES;
				CLANG_ENABLE_OBJC_ARC = YES;
				CLANG_ENABLE_OBJC_WEAK = YES;
				CLANG_WARN_BLOCK_CAPTURE_AUTORELEASING = YES;
				CLANG_WARN_BOOL_CONVERSION = YES;
				CLANG_WARN_COMMA = YES;
				CLANG_WARN_CONSTANT_CONVERSION = YES;
				CLANG_WARN_DEPRECATED_OBJC_IMPLEMENTATIONS = YES;
				CLANG_WARN_DIRECT_OBJC_ISA_USAGE = YES_ERROR;
				CLANG_WARN_DOCUMENTATION_COMMENTS = YES;
				CLANG_WARN_EMPTY_BODY = YES;
				CLANG_WARN_ENUM_CONVERSION = YES;
				CLANG_WARN_INFINITE_RECURSION = YES;
				CLANG_WARN_INT_CONVERSION = YES;
				CLANG_WARN_NON_LITERAL_NULL_CONVERSION = YES;
				CLANG_WARN_OBJC_IMPLICIT_RETAIN_SELF = YES;
				CLANG_WARN_OBJC_LITERAL_CONVERSION = YES;
				CLANG_WARN_OBJC_ROOT_CLASS = YES_ERROR;
				CLANG_WARN_QUOTED_INCLUDE_IN_FRAMEWORK_HEADER = YES;
				CLANG_WARN_RANGE_LOOP_ANALYSIS = YES;
				CLANG_WARN_STRICT_PROTOTYPES = YES;
				CLANG_WARN_SUSPICIOUS_MOVE = YES;
				CLANG_WARN_UNGUARDED_AVAILABILITY = YES_AGGRESSIVE;
				CLANG_WARN_UNREACHABLE_CODE = YES;
				CLANG_WARN__DUPLICATE_METHOD_MATCH = YES;
				COPY_PHASE_STRIP = NO;
				DEBUG_INFORMATION_FORMAT = dwarf;
				ENABLE_STRICT_OBJC_MSGSEND = YES;
				ENABLE_TESTABILITY = YES;
				ENABLE_USER_SCRIPT_SANDBOXING = YES;
				GCC_C_LANGUAGE_STANDARD = gnu17;
				GCC_DYNAMIC_NO_PIC = NO;
				GCC_NO_COMMON_BLOCKS = YES;
				GCC_OPTIMIZATION_LEVEL = 0;
				GCC_PREPROCESSOR_DEFINITIONS = (
					"DEBUG=1",
					"$(inherited)",
				);
				GCC_WARN_64_TO_32_BIT_CONVERSION = YES;
				GCC_WARN_ABOUT_RETURN_TYPE = YES_ERROR;
				GCC_WARN_UNDECLARED_SELECTOR = YES;
				GCC_WARN_UNINITIALIZED_AUTOS = YES_AGGRESSIVE;
				GCC_WARN_UNUSED_FUNCTION = YES;
				GCC_WARN_UNUSED_VARIABLE = YES;
				IPHONEOS_DEPLOYMENT_TARGET = 17.2;
				LOCALIZATION_PREFERS_STRING_CATALOGS = YES;
				MTL_ENABLE_DEBUG_INFO = INCLUDE_SOURCE;
				MTL_FAST_MATH = YES;
				ONLY_ACTIVE_ARCH = YES;
				SDKROOT = iphoneos;
				SWIFT_ACTIVE_COMPILATION_CONDITIONS = "DEBUG $(inherited)";
				SWIFT_OPTIMIZATION_LEVEL = "-Onone";
			};
			name = Debug;
		};
		DA29DAB62D86927000BC494D /* Release */ = {
			isa = XCBuildConfiguration;
			buildSettings = {
				ALWAYS_SEARCH_USER_PATHS = NO;
				ASSETCATALOG_COMPILER_GENERATE_SWIFT_ASSET_SYMBOL_EXTENSIONS = YES;
				CLANG_ANALYZER_NONNULL = YES;
				CLANG_ANALYZER_NUMBER_OBJECT_CONVERSION = YES_AGGRESSIVE;
				CLANG_CXX_LANGUAGE_STANDARD = "gnu++20";
				CLANG_ENABLE_MODULES = YES;
				CLANG_ENABLE_OBJC_ARC = YES;
				CLANG_ENABLE_OBJC_WEAK = YES;
				CLANG_WARN_BLOCK_CAPTURE_AUTORELEASING = YES;
				CLANG_WARN_BOOL_CONVERSION = YES;
				CLANG_WARN_COMMA = YES;
				CLANG_WARN_CONSTANT_CONVERSION = YES;
				CLANG_WARN_DEPRECATED_OBJC_IMPLEMENTATIONS = YES;
				CLANG_WARN_DIRECT_OBJC_ISA_USAGE = YES_ERROR;
				CLANG_WARN_DOCUMENTATION_COMMENTS = YES;
				CLANG_WARN_EMPTY_BODY = YES;
				CLANG_WARN_ENUM_CONVERSION = YES;
				CLANG_WARN_INFINITE_RECURSION = YES;
				CLANG_WARN_INT_CONVERSION = YES;
				CLANG_WARN_NON_LITERAL_NULL_CONVERSION = YES;
				CLANG_WARN_OBJC_IMPLICIT_RETAIN_SELF = YES;
				CLANG_WARN_OBJC_LITERAL_CONVERSION = YES;
				CLANG_WARN_OBJC_ROOT_CLASS = YES_ERROR;
				CLANG_WARN_QUOTED_INCLUDE_IN_FRAMEWORK_HEADER = YES;
				CLANG_WARN_RANGE_LOOP_ANALYSIS = YES;
				CLANG_WARN_STRICT_PROTOTYPES = YES;
				CLANG_WARN_SUSPICIOUS_MOVE = YES;
				CLANG_WARN_UNGUARDED_AVAILABILITY = YES_AGGRESSIVE;
				CLANG_WARN_UNREACHABLE_CODE = YES;
				CLANG_WARN__DUPLICATE_METHOD_MATCH = YES;
				COPY_PHASE_STRIP = NO;
				DEBUG_INFORMATION_FORMAT = "dwarf-with-dsym";
				ENABLE_NS_ASSERTIONS = NO;
				ENABLE_STRICT_OBJC_MSGSEND = YES;
				ENABLE_USER_SCRIPT_SANDBOXING = YES;
				GCC_C_LANGUAGE_STANDARD = gnu17;
				GCC_NO_COMMON_BLOCKS = YES;
				GCC_WARN_64_TO_32_BIT_CONVERSION = YES;
				GCC_WARN_ABOUT_RETURN_TYPE = YES_ERROR;
				GCC_WARN_UNDECLARED_SELECTOR = YES;
				GCC_WARN_UNINITIALIZED_AUTOS = YES_AGGRESSIVE;
				GCC_WARN_UNUSED_FUNCTION = YES;
				GCC_WARN_UNUSED_VARIABLE = YES;
				IPHONEOS_DEPLOYMENT_TARGET = 17.2;
				LOCALIZATION_PREFERS_STRING_CATALOGS = YES;
				MTL_ENABLE_DEBUG_INFO = NO;
				MTL_FAST_MATH = YES;
				SDKROOT = iphoneos;
				SWIFT_COMPILATION_MODE = wholemodule;
				VALIDATE_PRODUCT = YES;
			};
			name = Release;
		};
		DA29DAB82D86927000BC494D /* Debug */ = {
			isa = XCBuildConfiguration;
			buildSettings = {
				ASSETCATALOG_COMPILER_APPICON_NAME = AppIcon;
				ASSETCATALOG_COMPILER_GLOBAL_ACCENT_COLOR_NAME = AccentColor;
				CODE_SIGN_STYLE = Automatic;
				CURRENT_PROJECT_VERSION = 1;
				DEVELOPMENT_TEAM = X5GAT98526;
				GENERATE_INFOPLIST_FILE = YES;
				INFOPLIST_FILE = myapplication/Info.plist;
				INFOPLIST_KEY_UIApplicationSupportsIndirectInputEvents = YES;
				INFOPLIST_KEY_UILaunchStoryboardName = LaunchScreen;
				INFOPLIST_KEY_UIMainStoryboardFile = Main;
				INFOPLIST_KEY_UISupportedInterfaceOrientations_iPad = "UIInterfaceOrientationPortrait UIInterfaceOrientationPortraitUpsideDown UIInterfaceOrientationLandscapeLeft UIInterfaceOrientationLandscapeRight";
				INFOPLIST_KEY_UISupportedInterfaceOrientations_iPhone = "UIInterfaceOrientationPortrait UIInterfaceOrientationLandscapeLeft UIInterfaceOrientationLandscapeRight";
				LD_RUNPATH_SEARCH_PATHS = (
					"$(inherited)",
					"@executable_path/Frameworks",
				);
				MARKETING_VERSION = 1.0;
				PRODUCT_BUNDLE_IDENTIFIER = com.raonsecure.bwlim;
				PRODUCT_NAME = "$(TARGET_NAME)";
				SWIFT_EMIT_LOC_STRINGS = YES;
				SWIFT_VERSION = 5.0;
				TARGETED_DEVICE_FAMILY = "1,2";
			};
			name = Debug;
		};
		DA29DAB92D86927000BC494D /* Release */ = {
			isa = XCBuildConfiguration;
			buildSettings = {
				ASSETCATALOG_COMPILER_APPICON_NAME = AppIcon;
				ASSETCATALOG_COMPILER_GLOBAL_ACCENT_COLOR_NAME = AccentColor;
				CODE_SIGN_STYLE = Automatic;
				CURRENT_PROJECT_VERSION = 1;
				DEVELOPMENT_TEAM = X5GAT98526;
				GENERATE_INFOPLIST_FILE = YES;
				INFOPLIST_FILE = myapplication/Info.plist;
				INFOPLIST_KEY_UIApplicationSupportsIndirectInputEvents = YES;
				INFOPLIST_KEY_UILaunchStoryboardName = LaunchScreen;
				INFOPLIST_KEY_UIMainStoryboardFile = Main;
				INFOPLIST_KEY_UISupportedInterfaceOrientations_iPad = "UIInterfaceOrientationPortrait UIInterfaceOrientationPortraitUpsideDown UIInterfaceOrientationLandscapeLeft UIInterfaceOrientationLandscapeRight";
				INFOPLIST_KEY_UISupportedInterfaceOrientations_iPhone = "UIInterfaceOrientationPortrait UIInterfaceOrientationLandscapeLeft UIInterfaceOrientationLandscapeRight";
				LD_RUNPATH_SEARCH_PATHS = (
					"$(inherited)",
					"@executable_path/Frameworks",
				);
				MARKETING_VERSION = 1.0;
				PRODUCT_BUNDLE_IDENTIFIER = com.raonsecure.bwlim;
				PRODUCT_NAME = "$(TARGET_NAME)";
				SWIFT_EMIT_LOC_STRINGS = YES;
				SWIFT_VERSION = 5.0;
				TARGETED_DEVICE_FAMILY = "1,2";
			};
			name = Release;
		};
/* End XCBuildConfiguration section */

/* Begin XCConfigurationList section */
		DA29DA9E2D86926F00BC494D /* Build configuration list for PBXProject "myapplication" */ = {
			isa = XCConfigurationList;
			buildConfigurations = (
				DA29DAB52D86927000BC494D /* Debug */,
				DA29DAB62D86927000BC494D /* Release */,
			);
			defaultConfigurationIsVisible = 0;
			defaultConfigurationName = Release;
		};
		DA29DAB72D86927000BC494D /* Build configuration list for PBXNativeTarget "myapplication" */ = {
			isa = XCConfigurationList;
			buildConfigurations = (
				DA29DAB82D86927000BC494D /* Debug */,
				DA29DAB92D86927000BC494D /* Release */,
			);
			defaultConfigurationIsVisible = 0;
			defaultConfigurationName = Release;
		};
/* End XCConfigurationList section */
	};
	rootObject = DA29DA9B2D86926F00BC494D /* Project object */;
}
